// !$*UTF8*$!
{
	archiveVersion = 1;
	classes = {
	};
	objectVersion = 55;
	objects = {

/* Begin PBXBuildFile section */
		635827D0276C82600085D8D3 /* Journal_SwiftUIApp.swift in Sources */ = {isa = PBXBuildFile; fileRef = 635827CF276C82600085D8D3 /* Journal_SwiftUIApp.swift */; };
		635827D2276C82600085D8D3 /* ContentView.swift in Sources */ = {isa = PBXBuildFile; fileRef = 635827D1276C82600085D8D3 /* ContentView.swift */; };
		635827D4276C82610085D8D3 /* Assets.xcassets in Resources */ = {isa = PBXBuildFile; fileRef = 635827D3276C82610085D8D3 /* Assets.xcassets */; };
		635827D7276C82610085D8D3 /* Preview Assets.xcassets in Resources */ = {isa = PBXBuildFile; fileRef = 635827D6276C82610085D8D3 /* Preview Assets.xcassets */; };
		635827E1276C82610085D8D3 /* Journal_SwiftUITests.swift in Sources */ = {isa = PBXBuildFile; fileRef = 635827E0276C82610085D8D3 /* Journal_SwiftUITests.swift */; };
		635827EB276C82610085D8D3 /* Journal_SwiftUIUITests.swift in Sources */ = {isa = PBXBuildFile; fileRef = 635827EA276C82610085D8D3 /* Journal_SwiftUIUITests.swift */; };
		635827ED276C82610085D8D3 /* Journal_SwiftUIUITestsLaunchTests.swift in Sources */ = {isa = PBXBuildFile; fileRef = 635827EC276C82610085D8D3 /* Journal_SwiftUIUITestsLaunchTests.swift */; };
		635827FA276C831A0085D8D3 /* JournalEntry.swift in Sources */ = {isa = PBXBuildFile; fileRef = 635827F9276C831A0085D8D3 /* JournalEntry.swift */; };
		635827FC276C83FA0085D8D3 /* Journal.swift in Sources */ = {isa = PBXBuildFile; fileRef = 635827FB276C83FA0085D8D3 /* Journal.swift */; };
		635827FE276C8F9B0085D8D3 /* JournalEntryView.swift in Sources */ = {isa = PBXBuildFile; fileRef = 635827FD276C8F9B0085D8D3 /* JournalEntryView.swift */; };
/* End PBXBuildFile section */

/* Begin PBXContainerItemProxy section */
		635827DD276C82610085D8D3 /* PBXContainerItemProxy */ = {
			isa = PBXContainerItemProxy;
			containerPortal = 635827C4276C82600085D8D3 /* Project object */;
			proxyType = 1;
			remoteGlobalIDString = 635827CB276C82600085D8D3;
			remoteInfo = "Journal SwiftUI";
		};
		635827E7276C82610085D8D3 /* PBXContainerItemProxy */ = {
			isa = PBXContainerItemProxy;
			containerPortal = 635827C4276C82600085D8D3 /* Project object */;
			proxyType = 1;
			remoteGlobalIDString = 635827CB276C82600085D8D3;
			remoteInfo = "Journal SwiftUI";
		};
/* End PBXContainerItemProxy section */

/* Begin PBXFileReference section */
		635827CC276C82600085D8D3 /* Journal SwiftUI.app */ = {isa = PBXFileReference; explicitFileType = wrapper.application; includeInIndex = 0; path = "Journal SwiftUI.app"; sourceTree = BUILT_PRODUCTS_DIR; };
		635827CF276C82600085D8D3 /* Journal_SwiftUIApp.swift */ = {isa = PBXFileReference; lastKnownFileType = sourcecode.swift; path = Journal_SwiftUIApp.swift; sourceTree = "<group>"; };
		635827D1276C82600085D8D3 /* ContentView.swift */ = {isa = PBXFileReference; lastKnownFileType = sourcecode.swift; path = ContentView.swift; sourceTree = "<group>"; };
		635827D3276C82610085D8D3 /* Assets.xcassets */ = {isa = PBXFileReference; lastKnownFileType = folder.assetcatalog; path = Assets.xcassets; sourceTree = "<group>"; };
		635827D6276C82610085D8D3 /* Preview Assets.xcassets */ = {isa = PBXFileReference; lastKnownFileType = folder.assetcatalog; path = "Preview Assets.xcassets"; sourceTree = "<group>"; };
		635827DC276C82610085D8D3 /* Journal SwiftUITests.xctest */ = {isa = PBXFileReference; explicitFileType = wrapper.cfbundle; includeInIndex = 0; path = "Journal SwiftUITests.xctest"; sourceTree = BUILT_PRODUCTS_DIR; };
		635827E0276C82610085D8D3 /* Journal_SwiftUITests.swift */ = {isa = PBXFileReference; lastKnownFileType = sourcecode.swift; path = Journal_SwiftUITests.swift; sourceTree = "<group>"; };
		635827E6276C82610085D8D3 /* Journal SwiftUIUITests.xctest */ = {isa = PBXFileReference; explicitFileType = wrapper.cfbundle; includeInIndex = 0; path = "Journal SwiftUIUITests.xctest"; sourceTree = BUILT_PRODUCTS_DIR; };
		635827EA276C82610085D8D3 /* Journal_SwiftUIUITests.swift */ = {isa = PBXFileReference; lastKnownFileType = sourcecode.swift; path = Journal_SwiftUIUITests.swift; sourceTree = "<group>"; };
		635827EC276C82610085D8D3 /* Journal_SwiftUIUITestsLaunchTests.swift */ = {isa = PBXFileReference; lastKnownFileType = sourcecode.swift; path = Journal_SwiftUIUITestsLaunchTests.swift; sourceTree = "<group>"; };
		635827F9276C831A0085D8D3 /* JournalEntry.swift */ = {isa = PBXFileReference; lastKnownFileType = sourcecode.swift; path = JournalEntry.swift; sourceTree = "<group>"; };
		635827FB276C83FA0085D8D3 /* Journal.swift */ = {isa = PBXFileReference; lastKnownFileType = sourcecode.swift; path = Journal.swift; sourceTree = "<group>"; };
		635827FD276C8F9B0085D8D3 /* JournalEntryView.swift */ = {isa = PBXFileReference; lastKnownFileType = sourcecode.swift; path = JournalEntryView.swift; sourceTree = "<group>"; };
/* End PBXFileReference section */

/* Begin PBXFrameworksBuildPhase section */
		635827C9276C82600085D8D3 /* Frameworks */ = {
			isa = PBXFrameworksBuildPhase;
			buildActionMask = 2147483647;
			files = (
			);
			runOnlyForDeploymentPostprocessing = 0;
		};
		635827D9276C82610085D8D3 /* Frameworks */ = {
			isa = PBXFrameworksBuildPhase;
			buildActionMask = 2147483647;
			files = (
			);
			runOnlyForDeploymentPostprocessing = 0;
		};
		635827E3276C82610085D8D3 /* Frameworks */ = {
			isa = PBXFrameworksBuildPhase;
			buildActionMask = 2147483647;
			files = (
			);
			runOnlyForDeploymentPostprocessing = 0;
		};
/* End PBXFrameworksBuildPhase section */

/* Begin PBXGroup section */
		635827C3276C82600085D8D3 = {
			isa = PBXGroup;
			children = (
				635827CE276C82600085D8D3 /* Journal SwiftUI */,
				635827DF276C82610085D8D3 /* Journal SwiftUITests */,
				635827E9276C82610085D8D3 /* Journal SwiftUIUITests */,
				635827CD276C82600085D8D3 /* Products */,
			);
			sourceTree = "<group>";
		};
		635827CD276C82600085D8D3 /* Products */ = {
			isa = PBXGroup;
			children = (
				635827CC276C82600085D8D3 /* Journal SwiftUI.app */,
				635827DC276C82610085D8D3 /* Journal SwiftUITests.xctest */,
				635827E6276C82610085D8D3 /* Journal SwiftUIUITests.xctest */,
			);
			name = Products;
			sourceTree = "<group>";
		};
		635827CE276C82600085D8D3 /* Journal SwiftUI */ = {
			isa = PBXGroup;
			children = (
				635827CF276C82600085D8D3 /* Journal_SwiftUIApp.swift */,
				635827D1276C82600085D8D3 /* ContentView.swift */,
				635827FD276C8F9B0085D8D3 /* JournalEntryView.swift */,
				635827D3276C82610085D8D3 /* Assets.xcassets */,
				635827D5276C82610085D8D3 /* Preview Content */,
				635827F9276C831A0085D8D3 /* JournalEntry.swift */,
				635827FB276C83FA0085D8D3 /* Journal.swift */,
			);
			path = "Journal SwiftUI";
			sourceTree = "<group>";
		};
		635827D5276C82610085D8D3 /* Preview Content */ = {
			isa = PBXGroup;
			children = (
				635827D6276C82610085D8D3 /* Preview Assets.xcassets */,
			);
			path = "Preview Content";
			sourceTree = "<group>";
		};
		635827DF276C82610085D8D3 /* Journal SwiftUITests */ = {
			isa = PBXGroup;
			children = (
				635827E0276C82610085D8D3 /* Journal_SwiftUITests.swift */,
			);
			path = "Journal SwiftUITests";
			sourceTree = "<group>";
		};
		635827E9276C82610085D8D3 /* Journal SwiftUIUITests */ = {
			isa = PBXGroup;
			children = (
				635827EA276C82610085D8D3 /* Journal_SwiftUIUITests.swift */,
				635827EC276C82610085D8D3 /* Journal_SwiftUIUITestsLaunchTests.swift */,
			);
			path = "Journal SwiftUIUITests";
			sourceTree = "<group>";
		};
/* End PBXGroup section */

/* Begin PBXNativeTarget section */
		635827CB276C82600085D8D3 /* Journal SwiftUI */ = {
			isa = PBXNativeTarget;
			buildConfigurationList = 635827F0276C82610085D8D3 /* Build configuration list for PBXNativeTarget "Journal SwiftUI" */;
			buildPhases = (
				635827C8276C82600085D8D3 /* Sources */,
				635827C9276C82600085D8D3 /* Frameworks */,
				635827CA276C82600085D8D3 /* Resources */,
			);
			buildRules = (
			);
			dependencies = (
			);
			name = "Journal SwiftUI";
			productName = "Journal SwiftUI";
			productReference = 635827CC276C82600085D8D3 /* Journal SwiftUI.app */;
			productType = "com.apple.product-type.application";
		};
		635827DB276C82610085D8D3 /* Journal SwiftUITests */ = {
			isa = PBXNativeTarget;
			buildConfigurationList = 635827F3276C82610085D8D3 /* Build configuration list for PBXNativeTarget "Journal SwiftUITests" */;
			buildPhases = (
				635827D8276C82610085D8D3 /* Sources */,
				635827D9276C82610085D8D3 /* Frameworks */,
				635827DA276C82610085D8D3 /* Resources */,
			);
			buildRules = (
			);
			dependencies = (
				635827DE276C82610085D8D3 /* PBXTargetDependency */,
			);
			name = "Journal SwiftUITests";
			productName = "Journal SwiftUITests";
			productReference = 635827DC276C82610085D8D3 /* Journal SwiftUITests.xctest */;
			productType = "com.apple.product-type.bundle.unit-test";
		};
		635827E5276C82610085D8D3 /* Journal SwiftUIUITests */ = {
			isa = PBXNativeTarget;
			buildConfigurationList = 635827F6276C82610085D8D3 /* Build configuration list for PBXNativeTarget "Journal SwiftUIUITests" */;
			buildPhases = (
				635827E2276C82610085D8D3 /* Sources */,
				635827E3276C82610085D8D3 /* Frameworks */,
				635827E4276C82610085D8D3 /* Resources */,
			);
			buildRules = (
			);
			dependencies = (
				635827E8276C82610085D8D3 /* PBXTargetDependency */,
			);
			name = "Journal SwiftUIUITests";
			productName = "Journal SwiftUIUITests";
			productReference = 635827E6276C82610085D8D3 /* Journal SwiftUIUITests.xctest */;
			productType = "com.apple.product-type.bundle.ui-testing";
		};
/* End PBXNativeTarget section */

/* Begin PBXProject section */
		635827C4276C82600085D8D3 /* Project object */ = {
			isa = PBXProject;
			attributes = {
				BuildIndependentTargetsInParallel = 1;
				LastSwiftUpdateCheck = 1320;
				LastUpgradeCheck = 1320;
				TargetAttributes = {
					635827CB276C82600085D8D3 = {
						CreatedOnToolsVersion = 13.2;
					};
					635827DB276C82610085D8D3 = {
						CreatedOnToolsVersion = 13.2;
						TestTargetID = 635827CB276C82600085D8D3;
					};
					635827E5276C82610085D8D3 = {
						CreatedOnToolsVersion = 13.2;
						TestTargetID = 635827CB276C82600085D8D3;
					};
				};
			};
			buildConfigurationList = 635827C7276C82600085D8D3 /* Build configuration list for PBXProject "Journal SwiftUI" */;
			compatibilityVersion = "Xcode 13.0";
			developmentRegion = en;
			hasScannedForEncodings = 0;
			knownRegions = (
				en,
				Base,
			);
			mainGroup = 635827C3276C82600085D8D3;
			productRefGroup = 635827CD276C82600085D8D3 /* Products */;
			projectDirPath = "";
			projectRoot = "";
			targets = (
				635827CB276C82600085D8D3 /* Journal SwiftUI */,
				635827DB276C82610085D8D3 /* Journal SwiftUITests */,
				635827E5276C82610085D8D3 /* Journal SwiftUIUITests */,
			);
		};
/* End PBXProject section */

/* Begin PBXResourcesBuildPhase section */
		635827CA276C82600085D8D3 /* Resources */ = {
			isa = PBXResourcesBuildPhase;
			buildActionMask = 2147483647;
			files = (
				635827D7276C82610085D8D3 /* Preview Assets.xcassets in Resources */,
				635827D4276C82610085D8D3 /* Assets.xcassets in Resources */,
			);
			runOnlyForDeploymentPostprocessing = 0;
		};
		635827DA276C82610085D8D3 /* Resources */ = {
			isa = PBXResourcesBuildPhase;
			buildActionMask = 2147483647;
			files = (
			);
			runOnlyForDeploymentPostprocessing = 0;
		};
		635827E4276C82610085D8D3 /* Resources */ = {
			isa = PBXResourcesBuildPhase;
			buildActionMask = 2147483647;
			files = (
			);
			runOnlyForDeploymentPostprocessing = 0;
		};
/* End PBXResourcesBuildPhase section */

/* Begin PBXSourcesBuildPhase section */
		635827C8276C82600085D8D3 /* Sources */ = {
			isa = PBXSourcesBuildPhase;
			buildActionMask = 2147483647;
			files = (
				635827FA276C831A0085D8D3 /* JournalEntry.swift in Sources */,
				635827FE276C8F9B0085D8D3 /* JournalEntryView.swift in Sources */,
				635827D2276C82600085D8D3 /* ContentView.swift in Sources */,
				635827D0276C82600085D8D3 /* Journal_SwiftUIApp.swift in Sources */,
				635827FC276C83FA0085D8D3 /* Journal.swift in Sources */,
			);
			runOnlyForDeploymentPostprocessing = 0;
		};
		635827D8276C82610085D8D3 /* Sources */ = {
			isa = PBXSourcesBuildPhase;
			buildActionMask = 2147483647;
			files = (
				635827E1276C82610085D8D3 /* Journal_SwiftUITests.swift in Sources */,
			);
			runOnlyForDeploymentPostprocessing = 0;
		};
		635827E2276C82610085D8D3 /* Sources */ = {
			isa = PBXSourcesBuildPhase;
			buildActionMask = 2147483647;
			files = (
				635827ED276C82610085D8D3 /* Journal_SwiftUIUITestsLaunchTests.swift in Sources */,
				635827EB276C82610085D8D3 /* Journal_SwiftUIUITests.swift in Sources */,
			);
			runOnlyForDeploymentPostprocessing = 0;
		};
/* End PBXSourcesBuildPhase section */

/* Begin PBXTargetDependency section */
		635827DE276C82610085D8D3 /* PBXTargetDependency */ = {
			isa = PBXTargetDependency;
			target = 635827CB276C82600085D8D3 /* Journal SwiftUI */;
			targetProxy = 635827DD276C82610085D8D3 /* PBXContainerItemProxy */;
		};
		635827E8276C82610085D8D3 /* PBXTargetDependency */ = {
			isa = PBXTargetDependency;
			target = 635827CB276C82600085D8D3 /* Journal SwiftUI */;
			targetProxy = 635827E7276C82610085D8D3 /* PBXContainerItemProxy */;
		};
/* End PBXTargetDependency section */

/* Begin XCBuildConfiguration section */
		635827EE276C82610085D8D3 /* Debug */ = {
			isa = XCBuildConfiguration;
			buildSettings = {
				ALWAYS_SEARCH_USER_PATHS = NO;
				CLANG_ANALYZER_NONNULL = YES;
				CLANG_ANALYZER_NUMBER_OBJECT_CONVERSION = YES_AGGRESSIVE;
				CLANG_CXX_LANGUAGE_STANDARD = "gnu++17";
				CLANG_CXX_LIBRARY = "libc++";
				CLANG_ENABLE_MODULES = YES;
				CLANG_ENABLE_OBJC_ARC = YES;
				CLANG_ENABLE_OBJC_WEAK = YES;
				CLANG_WARN_BLOCK_CAPTURE_AUTORELEASING = YES;
				CLANG_WARN_BOOL_CONVERSION = YES;
				CLANG_WARN_COMMA = YES;
				CLANG_WARN_CONSTANT_CONVERSION = YES;
				CLANG_WARN_DEPRECATED_OBJC_IMPLEMENTATIONS = YES;
				CLANG_WARN_DIRECT_OBJC_ISA_USAGE = YES_ERROR;
				CLANG_WARN_DOCUMENTATION_COMMENTS = YES;
				CLANG_WARN_EMPTY_BODY = YES;
				CLANG_WARN_ENUM_CONVERSION = YES;
				CLANG_WARN_INFINITE_RECURSION = YES;
				CLANG_WARN_INT_CONVERSION = YES;
				CLANG_WARN_NON_LITERAL_NULL_CONVERSION = YES;
				CLANG_WARN_OBJC_IMPLICIT_RETAIN_SELF = YES;
				CLANG_WARN_OBJC_LITERAL_CONVERSION = YES;
				CLANG_WARN_OBJC_ROOT_CLASS = YES_ERROR;
				CLANG_WARN_QUOTED_INCLUDE_IN_FRAMEWORK_HEADER = YES;
				CLANG_WARN_RANGE_LOOP_ANALYSIS = YES;
				CLANG_WARN_STRICT_PROTOTYPES = YES;
				CLANG_WARN_SUSPICIOUS_MOVE = YES;
				CLANG_WARN_UNGUARDED_AVAILABILITY = YES_AGGRESSIVE;
				CLANG_WARN_UNREACHABLE_CODE = YES;
				CLANG_WARN__DUPLICATE_METHOD_MATCH = YES;
				COPY_PHASE_STRIP = NO;
				DEBUG_INFORMATION_FORMAT = dwarf;
				ENABLE_STRICT_OBJC_MSGSEND = YES;
				ENABLE_TESTABILITY = YES;
				GCC_C_LANGUAGE_STANDARD = gnu11;
				GCC_DYNAMIC_NO_PIC = NO;
				GCC_NO_COMMON_BLOCKS = YES;
				GCC_OPTIMIZATION_LEVEL = 0;
				GCC_PREPROCESSOR_DEFINITIONS = (
					"DEBUG=1",
					"$(inherited)",
				);
				GCC_WARN_64_TO_32_BIT_CONVERSION = YES;
				GCC_WARN_ABOUT_RETURN_TYPE = YES_ERROR;
				GCC_WARN_UNDECLARED_SELECTOR = YES;
				GCC_WARN_UNINITIALIZED_AUTOS = YES_AGGRESSIVE;
				GCC_WARN_UNUSED_FUNCTION = YES;
				GCC_WARN_UNUSED_VARIABLE = YES;
				IPHONEOS_DEPLOYMENT_TARGET = 15.2;
				MTL_ENABLE_DEBUG_INFO = INCLUDE_SOURCE;
				MTL_FAST_MATH = YES;
				ONLY_ACTIVE_ARCH = YES;
				SDKROOT = iphoneos;
				SWIFT_ACTIVE_COMPILATION_CONDITIONS = DEBUG;
				SWIFT_OPTIMIZATION_LEVEL = "-Onone";
			};
			name = Debug;
		};
		635827EF276C82610085D8D3 /* Release */ = {
			isa = XCBuildConfiguration;
			buildSettings = {
				ALWAYS_SEARCH_USER_PATHS = NO;
				CLANG_ANALYZER_NONNULL = YES;
				CLANG_ANALYZER_NUMBER_OBJECT_CONVERSION = YES_AGGRESSIVE;
				CLANG_CXX_LANGUAGE_STANDARD = "gnu++17";
				CLANG_CXX_LIBRARY = "libc++";
				CLANG_ENABLE_MODULES = YES;
				CLANG_ENABLE_OBJC_ARC = YES;
				CLANG_ENABLE_OBJC_WEAK = YES;
				CLANG_WARN_BLOCK_CAPTURE_AUTORELEASING = YES;
				CLANG_WARN_BOOL_CONVERSION = YES;
				CLANG_WARN_COMMA = YES;
				CLANG_WARN_CONSTANT_CONVERSION = YES;
				CLANG_WARN_DEPRECATED_OBJC_IMPLEMENTATIONS = YES;
				CLANG_WARN_DIRECT_OBJC_ISA_USAGE = YES_ERROR;
				CLANG_WARN_DOCUMENTATION_COMMENTS = YES;
				CLANG_WARN_EMPTY_BODY = YES;
				CLANG_WARN_ENUM_CONVERSION = YES;
				CLANG_WARN_INFINITE_RECURSION = YES;
				CLANG_WARN_INT_CONVERSION = YES;
				CLANG_WARN_NON_LITERAL_NULL_CONVERSION = YES;
				CLANG_WARN_OBJC_IMPLICIT_RETAIN_SELF = YES;
				CLANG_WARN_OBJC_LITERAL_CONVERSION = YES;
				CLANG_WARN_OBJC_ROOT_CLASS = YES_ERROR;
				CLANG_WARN_QUOTED_INCLUDE_IN_FRAMEWORK_HEADER = YES;
				CLANG_WARN_RANGE_LOOP_ANALYSIS = YES;
				CLANG_WARN_STRICT_PROTOTYPES = YES;
				CLANG_WARN_SUSPICIOUS_MOVE = YES;
				CLANG_WARN_UNGUARDED_AVAILABILITY = YES_AGGRESSIVE;
				CLANG_WARN_UNREACHABLE_CODE = YES;
				CLANG_WARN__DUPLICATE_METHOD_MATCH = YES;
				COPY_PHASE_STRIP = NO;
				DEBUG_INFORMATION_FORMAT = "dwarf-with-dsym";
				ENABLE_NS_ASSERTIONS = NO;
				ENABLE_STRICT_OBJC_MSGSEND = YES;
				GCC_C_LANGUAGE_STANDARD = gnu11;
				GCC_NO_COMMON_BLOCKS = YES;
				GCC_WARN_64_TO_32_BIT_CONVERSION = YES;
				GCC_WARN_ABOUT_RETURN_TYPE = YES_ERROR;
				GCC_WARN_UNDECLARED_SELECTOR = YES;
				GCC_WARN_UNINITIALIZED_AUTOS = YES_AGGRESSIVE;
				GCC_WARN_UNUSED_FUNCTION = YES;
				GCC_WARN_UNUSED_VARIABLE = YES;
				IPHONEOS_DEPLOYMENT_TARGET = 15.2;
				MTL_ENABLE_DEBUG_INFO = NO;
				MTL_FAST_MATH = YES;
				SDKROOT = iphoneos;
				SWIFT_COMPILATION_MODE = wholemodule;
				SWIFT_OPTIMIZATION_LEVEL = "-O";
				VALIDATE_PRODUCT = YES;
			};
			name = Release;
		};
		635827F1276C82610085D8D3 /* Debug */ = {
			isa = XCBuildConfiguration;
			buildSettings = {
				ASSETCATALOG_COMPILER_APPICON_NAME = AppIcon;
				ASSETCATALOG_COMPILER_GLOBAL_ACCENT_COLOR_NAME = AccentColor;
				CODE_SIGN_STYLE = Automatic;
				CURRENT_PROJECT_VERSION = 1;
				DEVELOPMENT_ASSET_PATHS = "\"Journal SwiftUI/Preview Content\"";
				DEVELOPMENT_TEAM = GYVUGUT77Q;
				ENABLE_PREVIEWS = YES;
				GENERATE_INFOPLIST_FILE = YES;
				INFOPLIST_KEY_UIApplicationSceneManifest_Generation = YES;
				INFOPLIST_KEY_UIApplicationSupportsIndirectInputEvents = YES;
				INFOPLIST_KEY_UILaunchScreen_Generation = YES;
				INFOPLIST_KEY_UISupportedInterfaceOrientations_iPad = "UIInterfaceOrientationPortrait UIInterfaceOrientationPortraitUpsideDown UIInterfaceOrientationLandscapeLeft UIInterfaceOrientationLandscapeRight";
				INFOPLIST_KEY_UISupportedInterfaceOrientations_iPhone = "UIInterfaceOrientationPortrait UIInterfaceOrientationLandscapeLeft UIInterfaceOrientationLandscapeRight";
				LD_RUNPATH_SEARCH_PATHS = (
					"$(inherited)",
					"@executable_path/Frameworks",
				);
				MARKETING_VERSION = 1.0;
				PRODUCT_BUNDLE_IDENTIFIER = "com.example.Journal-SwiftUI";
				PRODUCT_NAME = "$(TARGET_NAME)";
				SWIFT_EMIT_LOC_STRINGS = YES;
				SWIFT_VERSION = 5.0;
				TARGETED_DEVICE_FAMILY = "1,2";
			};
			name = Debug;
		};
		635827F2276C82610085D8D3 /* Release */ = {
			isa = XCBuildConfiguration;
			buildSettings = {
				ASSETCATALOG_COMPILER_APPICON_NAME = AppIcon;
				ASSETCATALOG_COMPILER_GLOBAL_ACCENT_COLOR_NAME = AccentColor;
				CODE_SIGN_STYLE = Automatic;
				CURRENT_PROJECT_VERSION = 1;
				DEVELOPMENT_ASSET_PATHS = "\"Journal SwiftUI/Preview Content\"";
				DEVELOPMENT_TEAM = GYVUGUT77Q;
				ENABLE_PREVIEWS = YES;
				GENERATE_INFOPLIST_FILE = YES;
				INFOPLIST_KEY_UIApplicationSceneManifest_Generation = YES;
				INFOPLIST_KEY_UIApplicationSupportsIndirectInputEvents = YES;
				INFOPLIST_KEY_UILaunchScreen_Generation = YES;
				INFOPLIST_KEY_UISupportedInterfaceOrientations_iPad = "UIInterfaceOrientationPortrait UIInterfaceOrientationPortraitUpsideDown UIInterfaceOrientationLandscapeLeft UIInterfaceOrientationLandscapeRight";
				INFOPLIST_KEY_UISupportedInterfaceOrientations_iPhone = "UIInterfaceOrientationPortrait UIInterfaceOrientationLandscapeLeft UIInterfaceOrientationLandscapeRight";
				LD_RUNPATH_SEARCH_PATHS = (
					"$(inherited)",
					"@executable_path/Frameworks",
				);
				MARKETING_VERSION = 1.0;
				PRODUCT_BUNDLE_IDENTIFIER = "com.example.Journal-SwiftUI";
				PRODUCT_NAME = "$(TARGET_NAME)";
				SWIFT_EMIT_LOC_STRINGS = YES;
				SWIFT_VERSION = 5.0;
				TARGETED_DEVICE_FAMILY = "1,2";
			};
			name = Release;
		};
		635827F4276C82610085D8D3 /* Debug */ = {
			isa = XCBuildConfiguration;
			buildSettings = {
				ALWAYS_EMBED_SWIFT_STANDARD_LIBRARIES = YES;
				BUNDLE_LOADER = "$(TEST_HOST)";
				CODE_SIGN_STYLE = Automatic;
				CURRENT_PROJECT_VERSION = 1;
				DEVELOPMENT_TEAM = GYVUGUT77Q;
				GENERATE_INFOPLIST_FILE = YES;
				IPHONEOS_DEPLOYMENT_TARGET = 15.2;
				MARKETING_VERSION = 1.0;
				PRODUCT_BUNDLE_IDENTIFIER = "com.example.Journal-SwiftUITests";
				PRODUCT_NAME = "$(TARGET_NAME)";
				SWIFT_EMIT_LOC_STRINGS = NO;
				SWIFT_VERSION = 5.0;
				TARGETED_DEVICE_FAMILY = "1,2";
				TEST_HOST = "$(BUILT_PRODUCTS_DIR)/Journal SwiftUI.app/Journal SwiftUI";
			};
			name = Debug;
		};
		635827F5276C82610085D8D3 /* Release */ = {
			isa = XCBuildConfiguration;
			buildSettings = {
				ALWAYS_EMBED_SWIFT_STANDARD_LIBRARIES = YES;
				BUNDLE_LOADER = "$(TEST_HOST)";
				CODE_SIGN_STYLE = Automatic;
				CURRENT_PROJECT_VERSION = 1;
				DEVELOPMENT_TEAM = GYVUGUT77Q;
				GENERATE_INFOPLIST_FILE = YES;
				IPHONEOS_DEPLOYMENT_TARGET = 15.2;
				MARKETING_VERSION = 1.0;
				PRODUCT_BUNDLE_IDENTIFIER = "com.example.Journal-SwiftUITests";
				PRODUCT_NAME = "$(TARGET_NAME)";
				SWIFT_EMIT_LOC_STRINGS = NO;
				SWIFT_VERSION = 5.0;
				TARGETED_DEVICE_FAMILY = "1,2";
				TEST_HOST = "$(BUILT_PRODUCTS_DIR)/Journal SwiftUI.app/Journal SwiftUI";
			};
			name = Release;
		};
		635827F7276C82610085D8D3 /* Debug */ = {
			isa = XCBuildConfiguration;
			buildSettings = {
				ALWAYS_EMBED_SWIFT_STANDARD_LIBRARIES = YES;
				CODE_SIGN_STYLE = Automatic;
				CURRENT_PROJECT_VERSION = 1;
				DEVELOPMENT_TEAM = GYVUGUT77Q;
				GENERATE_INFOPLIST_FILE = YES;
				MARKETING_VERSION = 1.0;
				PRODUCT_BUNDLE_IDENTIFIER = "com.example.Journal-SwiftUIUITests";
				PRODUCT_NAME = "$(TARGET_NAME)";
				SWIFT_EMIT_LOC_STRINGS = NO;
				SWIFT_VERSION = 5.0;
				TARGETED_DEVICE_FAMILY = "1,2";
				TEST_TARGET_NAME = "Journal SwiftUI";
			};
			name = Debug;
		};
		635827F8276C82610085D8D3 /* Release */ = {
			isa = XCBuildConfiguration;
			buildSettings = {
				ALWAYS_EMBED_SWIFT_STANDARD_LIBRARIES = YES;
				CODE_SIGN_STYLE = Automatic;
				CURRENT_PROJECT_VERSION = 1;
				DEVELOPMENT_TEAM = GYVUGUT77Q;
				GENERATE_INFOPLIST_FILE = YES;
				MARKETING_VERSION = 1.0;
				PRODUCT_BUNDLE_IDENTIFIER = "com.example.Journal-SwiftUIUITests";
				PRODUCT_NAME = "$(TARGET_NAME)";
				SWIFT_EMIT_LOC_STRINGS = NO;
				SWIFT_VERSION = 5.0;
				TARGETED_DEVICE_FAMILY = "1,2";
				TEST_TARGET_NAME = "Journal SwiftUI";
			};
			name = Release;
		};
/* End XCBuildConfiguration section */

/* Begin XCConfigurationList section */
		635827C7276C82600085D8D3 /* Build configuration list for PBXProject "Journal SwiftUI" */ = {
			isa = XCConfigurationList;
			buildConfigurations = (
				635827EE276C82610085D8D3 /* Debug */,
				635827EF276C82610085D8D3 /* Release */,
			);
			defaultConfigurationIsVisible = 0;
			defaultConfigurationName = Release;
		};
		635827F0276C82610085D8D3 /* Build configuration list for PBXNativeTarget "Journal SwiftUI" */ = {
			isa = XCConfigurationList;
			buildConfigurations = (
				635827F1276C82610085D8D3 /* Debug */,
				635827F2276C82610085D8D3 /* Release */,
			);
			defaultConfigurationIsVisible = 0;
			defaultConfigurationName = Release;
		};
		635827F3276C82610085D8D3 /* Build configuration list for PBXNativeTarget "Journal SwiftUITests" */ = {
			isa = XCConfigurationList;
			buildConfigurations = (
				635827F4276C82610085D8D3 /* Debug */,
				635827F5276C82610085D8D3 /* Release */,
			);
			defaultConfigurationIsVisible = 0;
			defaultConfigurationName = Release;
		};
		635827F6276C82610085D8D3 /* Build configuration list for PBXNativeTarget "Journal SwiftUIUITests" */ = {
			isa = XCConfigurationList;
			buildConfigurations = (
				635827F7276C82610085D8D3 /* Debug */,
				635827F8276C82610085D8D3 /* Release */,
			);
			defaultConfigurationIsVisible = 0;
			defaultConfigurationName = Release;
		};
/* End XCConfigurationList section */
	};
	rootObject = 635827C4276C82600085D8D3 /* Project object */;
}
